
Microsoft Visual Studio Solution File, Format Version 12.00
Project("{FAE04EC0-301F-11D3-BF4B-00C04F79EFBC}") = "UrlService", "UrlService\UrlService.csproj", "{1BB76A29-B34F-4887-92F0-ECBE2BF34AE3}"
EndProject
Project("{FAE04EC0-301F-11D3-BF4B-00C04F79EFBC}") = "AnalyticService", "AnalyticService\AnalyticService.csproj", "{E9B4CF2C-877D-4861-B294-2C9FC3FD2933}"
EndProject
Project("{FAE04EC0-301F-11D3-BF4B-00C04F79EFBC}") = "ApiGateway", "ApiGateway\ApiGateway.csproj", "{AB6D0670-05AC-4319-AA51-DB4D45B4B009}"
EndProject
Project("{FAE04EC0-301F-11D3-BF4B-00C04F79EFBC}") = "UserService", "UserService\UserService.csproj", "{A3558C35-F6BE-41C2-B9EF-7A9EC896205B}"
EndProject
Project("{FAE04EC0-301F-11D3-BF4B-00C04F79EFBC}") = "RedirectService", "RedirectService\RedirectService.csproj", "{27DBF03C-E838-4E90-AD5F-F2AE3DDEDD06}"
EndProject
Project("{FAE04EC0-301F-11D3-BF4B-00C04F79EFBC}") = "SharedContracts", "SharedContracts\SharedContracts.csproj", "{2AEAF729-A0B9-4403-AE4F-641A29BBF8E2}"
EndProject
Project("{FAE04EC0-301F-11D3-BF4B-00C04F79EFBC}") = "DomainService", "DomainService\DomainService.csproj", "{96F047FB-D43F-45ED-8ED3-CF983DA16922}"
EndProject
Global
	GlobalSection(SolutionConfigurationPlatforms) = preSolution
		Debug|Any CPU = Debug|Any CPU
		Release|Any CPU = Release|Any CPU
	EndGlobalSection
	GlobalSection(ProjectConfigurationPlatforms) = postSolution
		{1BB76A29-B34F-4887-92F0-ECBE2BF34AE3}.Debug|Any CPU.ActiveCfg = Debug|Any CPU
		{1BB76A29-B34F-4887-92F0-ECBE2BF34AE3}.Debug|Any CPU.Build.0 = Debug|Any CPU
		{1BB76A29-B34F-4887-92F0-ECBE2BF34AE3}.Release|Any CPU.ActiveCfg = Release|Any CPU
		{1BB76A29-B34F-4887-92F0-ECBE2BF34AE3}.Release|Any CPU.Build.0 = Release|Any CPU
		{E9B4CF2C-877D-4861-B294-2C9FC3FD2933}.Debug|Any CPU.ActiveCfg = Debug|Any CPU
		{E9B4CF2C-877D-4861-B294-2C9FC3FD2933}.Debug|Any CPU.Build.0 = Debug|Any CPU
		{E9B4CF2C-877D-4861-B294-2C9FC3FD2933}.Release|Any CPU.ActiveCfg = Release|Any CPU
		{E9B4CF2C-877D-4861-B294-2C9FC3FD2933}.Release|Any CPU.Build.0 = Release|Any CPU
		{AB6D0670-05AC-4319-AA51-DB4D45B4B009}.Debug|Any CPU.ActiveCfg = Debug|Any CPU
		{AB6D0670-05AC-4319-AA51-DB4D45B4B009}.Debug|Any CPU.Build.0 = Debug|Any CPU
		{AB6D0670-05AC-4319-AA51-DB4D45B4B009}.Release|Any CPU.ActiveCfg = Release|Any CPU
		{AB6D0670-05AC-4319-AA51-DB4D45B4B009}.Release|Any CPU.Build.0 = Release|Any CPU
		{A3558C35-F6BE-41C2-B9EF-7A9EC896205B}.Debug|Any CPU.ActiveCfg = Debug|Any CPU
		{A3558C35-F6BE-41C2-B9EF-7A9EC896205B}.Debug|Any CPU.Build.0 = Debug|Any CPU
		{A3558C35-F6BE-41C2-B9EF-7A9EC896205B}.Release|Any CPU.ActiveCfg = Release|Any CPU
		{A3558C35-F6BE-41C2-B9EF-7A9EC896205B}.Release|Any CPU.Build.0 = Release|Any CPU
		{27DBF03C-E838-4E90-AD5F-F2AE3DDEDD06}.Debug|Any CPU.ActiveCfg = Debug|Any CPU
		{27DBF03C-E838-4E90-AD5F-F2AE3DDEDD06}.Debug|Any CPU.Build.0 = Debug|Any CPU
		{27DBF03C-E838-4E90-AD5F-F2AE3DDEDD06}.Release|Any CPU.ActiveCfg = Release|Any CPU
		{27DBF03C-E838-4E90-AD5F-F2AE3DDEDD06}.Release|Any CPU.Build.0 = Release|Any CPU
		{2AEAF729-A0B9-4403-AE4F-641A29BBF8E2}.Debug|Any CPU.ActiveCfg = Debug|Any CPU
		{2AEAF729-A0B9-4403-AE4F-641A29BBF8E2}.Debug|Any CPU.Build.0 = Debug|Any CPU
		{2AEAF729-A0B9-4403-AE4F-641A29BBF8E2}.Release|Any CPU.ActiveCfg = Release|Any CPU
		{2AEAF729-A0B9-4403-AE4F-641A29BBF8E2}.Release|Any CPU.Build.0 = Release|Any CPU
		{96F047FB-D43F-45ED-8ED3-CF983DA16922}.Debug|Any CPU.ActiveCfg = Debug|Any CPU
		{96F047FB-D43F-45ED-8ED3-CF983DA16922}.Debug|Any CPU.Build.0 = Debug|Any CPU
		{96F047FB-D43F-45ED-8ED3-CF983DA16922}.Release|Any CPU.ActiveCfg = Release|Any CPU
		{96F047FB-D43F-45ED-8ED3-CF983DA16922}.Release|Any CPU.Build.0 = Release|Any CPU
	EndGlobalSection
EndGlobal
